
Microsoft Visual Studio Solution File, Format Version 12.00
# Visual Studio Version 16
VisualStudioVersion = 25.0.1706.10
MinimumVisualStudioVersion = 10.0.40219.1
Project("{FAE04EC0-301F-11D3-BF4B-00C04F79EFBC}") = "ESGAutomation", "ESGAutomation\ESGAutomation.csproj", "{DFF0C4BA-D431-4A35-9A9E-29574FDD7CDA}"
EndProject
Global
	GlobalSection(SolutionConfigurationPlatforms) = preSolution
		Debug|Any CPU = Debug|Any CPU
		Release|Any CPU = Release|Any CPU
	EndGlobalSection
	GlobalSection(ProjectConfigurationPlatforms) = postSolution
		{DFF0C4BA-D431-4A35-9A9E-29574FDD7CDA}.Debug|Any CPU.ActiveCfg = Debug|Any CPU
		{DFF0C4BA-D431-4A35-9A9E-29574FDD7CDA}.Debug|Any CPU.Build.0 = Debug|Any CPU
		{DFF0C4BA-D431-4A35-9A9E-29574FDD7CDA}.Release|Any CPU.ActiveCfg = Release|Any CPU
		{DFF0C4BA-D431-4A35-9A9E-29574FDD7CDA}.Release|Any CPU.Build.0 = Release|Any CPU
	EndGlobalSection
	GlobalSection(SolutionProperties) = preSolution
		HideSolutionNode = FALSE
	EndGlobalSection
	GlobalSection(ExtensibilityGlobals) = postSolution
		SolutionGuid = {06483D49-A96F-4FD8-B01F-B0899A477E95}
	EndGlobalSection
EndGlobal
